
Microsoft Visual Studio Solution File, Format Version 12.00
# Visual Studio Version 16
VisualStudioVersion = 16.0.32929.386
MinimumVisualStudioVersion = 10.0.40219.1
Project("{D2ABAB84-BF74-430A-B69E-9DC6D40DDA17}") = "Mining", "Mining\Mining.dwproj", "{D9989C22-2FFA-4204-972F-E0375C0C8473}"
EndProject
Global
	GlobalSection(SolutionConfigurationPlatforms) = preSolution
		Development|Default = Development|Default
	EndGlobalSection
	GlobalSection(ProjectConfigurationPlatforms) = postSolution
		{D9989C22-2FFA-4204-972F-E0375C0C8473}.Development|Default.ActiveCfg = Development
		{D9989C22-2FFA-4204-972F-E0375C0C8473}.Development|Default.Build.0 = Development
		{D9989C22-2FFA-4204-972F-E0375C0C8473}.Development|Default.Deploy.0 = Development
	EndGlobalSection
	GlobalSection(SolutionProperties) = preSolution
		HideSolutionNode = FALSE
	EndGlobalSection
	GlobalSection(ExtensibilityGlobals) = postSolution
		SolutionGuid = {41A0B54B-2331-43DE-B04A-E80099E96E45}
	EndGlobalSection
EndGlobal
